// !$*UTF8*$!
{
	archiveVersion = 1;
	classes = {
	};
	objectVersion = 50;
	objects = {

/* Begin PBXBuildFile section */
		61398A60218567AF00AA7338 /* RootView.swift in Sources */ = {isa = PBXBuildFile; fileRef = 61398A5F218567AF00AA7338 /* RootView.swift */; };
		61398A6621856A0700AA7338 /* DayViewController.swift in Sources */ = {isa = PBXBuildFile; fileRef = 61398A6521856A0700AA7338 /* DayViewController.swift */; };
		61398A6821856A1800AA7338 /* DayView.swift in Sources */ = {isa = PBXBuildFile; fileRef = 61398A6721856A1800AA7338 /* DayView.swift */; };
		61398A6C21856C4900AA7338 /* WeekViewController.swift in Sources */ = {isa = PBXBuildFile; fileRef = 61398A6B21856C4900AA7338 /* WeekViewController.swift */; };
		61398A6E21856C5600AA7338 /* WeekView.swift in Sources */ = {isa = PBXBuildFile; fileRef = 61398A6D21856C5600AA7338 /* WeekView.swift */; };
		618BAEE8217D078000951A04 /* AppDelegate.swift in Sources */ = {isa = PBXBuildFile; fileRef = 618BAEE7217D078000951A04 /* AppDelegate.swift */; };
		618BAEEA217D078000951A04 /* RootViewController.swift in Sources */ = {isa = PBXBuildFile; fileRef = 618BAEE9217D078000951A04 /* RootViewController.swift */; };
		618BAEEF217D078100951A04 /* Assets.xcassets in Resources */ = {isa = PBXBuildFile; fileRef = 618BAEEE217D078100951A04 /* Assets.xcassets */; };
		618BAEF2217D078100951A04 /* LaunchScreen.storyboard in Resources */ = {isa = PBXBuildFile; fileRef = 618BAEF0217D078100951A04 /* LaunchScreen.storyboard */; };
/* End PBXBuildFile section */

/* Begin PBXFileReference section */
		61398A5F218567AF00AA7338 /* RootView.swift */ = {isa = PBXFileReference; lastKnownFileType = sourcecode.swift; path = RootView.swift; sourceTree = "<group>"; };
		61398A6521856A0700AA7338 /* DayViewController.swift */ = {isa = PBXFileReference; lastKnownFileType = sourcecode.swift; path = DayViewController.swift; sourceTree = "<group>"; };
		61398A6721856A1800AA7338 /* DayView.swift */ = {isa = PBXFileReference; lastKnownFileType = sourcecode.swift; path = DayView.swift; sourceTree = "<group>"; };
		61398A6B21856C4900AA7338 /* WeekViewController.swift */ = {isa = PBXFileReference; lastKnownFileType = sourcecode.swift; path = WeekViewController.swift; sourceTree = "<group>"; };
		61398A6D21856C5600AA7338 /* WeekView.swift */ = {isa = PBXFileReference; lastKnownFileType = sourcecode.swift; path = WeekView.swift; sourceTree = "<group>"; };
		618BAEE4217D078000951A04 /* Weather?.app */ = {isa = PBXFileReference; explicitFileType = wrapper.application; includeInIndex = 0; path = "Weather?.app"; sourceTree = BUILT_PRODUCTS_DIR; };
		618BAEE7217D078000951A04 /* AppDelegate.swift */ = {isa = PBXFileReference; lastKnownFileType = sourcecode.swift; path = AppDelegate.swift; sourceTree = "<group>"; };
		618BAEE9217D078000951A04 /* RootViewController.swift */ = {isa = PBXFileReference; lastKnownFileType = sourcecode.swift; path = RootViewController.swift; sourceTree = "<group>"; };
		618BAEEE217D078100951A04 /* Assets.xcassets */ = {isa = PBXFileReference; lastKnownFileType = folder.assetcatalog; path = Assets.xcassets; sourceTree = "<group>"; };
		618BAEF1217D078100951A04 /* Base */ = {isa = PBXFileReference; lastKnownFileType = file.storyboard; name = Base; path = Base.lproj/LaunchScreen.storyboard; sourceTree = "<group>"; };
		618BAEF3217D078100951A04 /* Info.plist */ = {isa = PBXFileReference; lastKnownFileType = text.plist.xml; path = Info.plist; sourceTree = "<group>"; };
/* End PBXFileReference section */

/* Begin PBXFrameworksBuildPhase section */
		618BAEE1217D078000951A04 /* Frameworks */ = {
			isa = PBXFrameworksBuildPhase;
			buildActionMask = 2147483647;
			files = (
			);
			runOnlyForDeploymentPostprocessing = 0;
		};
/* End PBXFrameworksBuildPhase section */

/* Begin PBXGroup section */
		61398A5D2185678F00AA7338 /* Controller */ = {
			isa = PBXGroup;
			children = (
				618BAEE9217D078000951A04 /* RootViewController.swift */,
			);
			path = Controller;
			sourceTree = "<group>";
		};
		61398A5E218567A200AA7338 /* View */ = {
			isa = PBXGroup;
			children = (
				61398A5F218567AF00AA7338 /* RootView.swift */,
			);
			path = View;
			sourceTree = "<group>";
		};
		61398A61218569E100AA7338 /* DayViewController */ = {
			isa = PBXGroup;
			children = (
				61398A64218569FA00AA7338 /* View */,
				61398A63218569F300AA7338 /* Controller */,
			);
			path = DayViewController;
			sourceTree = "<group>";
		};
		61398A62218569EB00AA7338 /* WeekViewController */ = {
			isa = PBXGroup;
			children = (
				61398A6A21856C3C00AA7338 /* View */,
				61398A6921856C3600AA7338 /* Controller */,
			);
			path = WeekViewController;
			sourceTree = "<group>";
		};
		61398A63218569F300AA7338 /* Controller */ = {
			isa = PBXGroup;
			children = (
				61398A6521856A0700AA7338 /* DayViewController.swift */,
			);
			path = Controller;
			sourceTree = "<group>";
		};
		61398A64218569FA00AA7338 /* View */ = {
			isa = PBXGroup;
			children = (
				61398A6721856A1800AA7338 /* DayView.swift */,
			);
			path = View;
			sourceTree = "<group>";
		};
		61398A6921856C3600AA7338 /* Controller */ = {
			isa = PBXGroup;
			children = (
				61398A6B21856C4900AA7338 /* WeekViewController.swift */,
			);
			path = Controller;
			sourceTree = "<group>";
		};
		61398A6A21856C3C00AA7338 /* View */ = {
			isa = PBXGroup;
			children = (
				61398A6D21856C5600AA7338 /* WeekView.swift */,
			);
			path = View;
			sourceTree = "<group>";
		};
		618BAEDB217D078000951A04 = {
			isa = PBXGroup;
			children = (
				618BAEE6217D078000951A04 /* Weather? */,
				618BAEE5217D078000951A04 /* Products */,
			);
			sourceTree = "<group>";
		};
		618BAEE5217D078000951A04 /* Products */ = {
			isa = PBXGroup;
			children = (
				618BAEE4217D078000951A04 /* Weather?.app */,
			);
			name = Products;
			sourceTree = "<group>";
		};
		618BAEE6217D078000951A04 /* Weather? */ = {
			isa = PBXGroup;
			children = (
				618BAEFE217D086F00951A04 /* Resources */,
				618BAEFD217D086100951A04 /* Supporting Files */,
				618BAEFC217D085600951A04 /* Storyboards */,
				618BAEFA217D07C800951A04 /* ViewControllers */,
				618BAEF9217D079D00951A04 /* Application Delegate */,
			);
			path = "Weather?";
			sourceTree = "<group>";
		};
		618BAEF9217D079D00951A04 /* Application Delegate */ = {
			isa = PBXGroup;
			children = (
				618BAEE7217D078000951A04 /* AppDelegate.swift */,
			);
			path = "Application Delegate";
			sourceTree = "<group>";
		};
		618BAEFA217D07C800951A04 /* ViewControllers */ = {
			isa = PBXGroup;
			children = (
				61398A62218569EB00AA7338 /* WeekViewController */,
				61398A61218569E100AA7338 /* DayViewController */,
				618BAEFB217D07DB00951A04 /* RootViewController */,
			);
			path = ViewControllers;
			sourceTree = "<group>";
		};
		618BAEFB217D07DB00951A04 /* RootViewController */ = {
			isa = PBXGroup;
			children = (
				61398A5E218567A200AA7338 /* View */,
				61398A5D2185678F00AA7338 /* Controller */,
			);
			path = RootViewController;
			sourceTree = "<group>";
		};
		618BAEFC217D085600951A04 /* Storyboards */ = {
			isa = PBXGroup;
			children = (
				618BAEF0217D078100951A04 /* LaunchScreen.storyboard */,
			);
			path = Storyboards;
			sourceTree = "<group>";
		};
		618BAEFD217D086100951A04 /* Supporting Files */ = {
			isa = PBXGroup;
			children = (
				618BAEF3217D078100951A04 /* Info.plist */,
			);
			path = "Supporting Files";
			sourceTree = "<group>";
		};
		618BAEFE217D086F00951A04 /* Resources */ = {
			isa = PBXGroup;
			children = (
				618BAEEE217D078100951A04 /* Assets.xcassets */,
			);
			path = Resources;
			sourceTree = "<group>";
		};
/* End PBXGroup section */

/* Begin PBXNativeTarget section */
		618BAEE3217D078000951A04 /* Weather? */ = {
			isa = PBXNativeTarget;
			buildConfigurationList = 618BAEF6217D078100951A04 /* Build configuration list for PBXNativeTarget "Weather?" */;
			buildPhases = (
				618BAEE0217D078000951A04 /* Sources */,
				618BAEE1217D078000951A04 /* Frameworks */,
				618BAEE2217D078000951A04 /* Resources */,
			);
			buildRules = (
			);
			dependencies = (
			);
			name = "Weather?";
			productName = "Weather?";
			productReference = 618BAEE4217D078000951A04 /* Weather?.app */;
			productType = "com.apple.product-type.application";
		};
/* End PBXNativeTarget section */

/* Begin PBXProject section */
		618BAEDC217D078000951A04 /* Project object */ = {
			isa = PBXProject;
			attributes = {
				LastSwiftUpdateCheck = 1000;
				LastUpgradeCheck = 1000;
				ORGANIZATIONNAME = Sason;
				TargetAttributes = {
					618BAEE3217D078000951A04 = {
						CreatedOnToolsVersion = 10.0;
					};
				};
			};
			buildConfigurationList = 618BAEDF217D078000951A04 /* Build configuration list for PBXProject "Weather?" */;
			compatibilityVersion = "Xcode 9.3";
			developmentRegion = en;
			hasScannedForEncodings = 0;
			knownRegions = (
				en,
				Base,
			);
			mainGroup = 618BAEDB217D078000951A04;
			productRefGroup = 618BAEE5217D078000951A04 /* Products */;
			projectDirPath = "";
			projectRoot = "";
			targets = (
				618BAEE3217D078000951A04 /* Weather? */,
			);
		};
/* End PBXProject section */

/* Begin PBXResourcesBuildPhase section */
		618BAEE2217D078000951A04 /* Resources */ = {
			isa = PBXResourcesBuildPhase;
			buildActionMask = 2147483647;
			files = (
				618BAEF2217D078100951A04 /* LaunchScreen.storyboard in Resources */,
				618BAEEF217D078100951A04 /* Assets.xcassets in Resources */,
			);
			runOnlyForDeploymentPostprocessing = 0;
		};
/* End PBXResourcesBuildPhase section */

/* Begin PBXSourcesBuildPhase section */
		618BAEE0217D078000951A04 /* Sources */ = {
			isa = PBXSourcesBuildPhase;
			buildActionMask = 2147483647;
			files = (
				61398A6C21856C4900AA7338 /* WeekViewController.swift in Sources */,
				618BAEEA217D078000951A04 /* RootViewController.swift in Sources */,
				61398A6821856A1800AA7338 /* DayView.swift in Sources */,
				61398A6E21856C5600AA7338 /* WeekView.swift in Sources */,
				618BAEE8217D078000951A04 /* AppDelegate.swift in Sources */,
				61398A60218567AF00AA7338 /* RootView.swift in Sources */,
				61398A6621856A0700AA7338 /* DayViewController.swift in Sources */,
			);
			runOnlyForDeploymentPostprocessing = 0;
		};
/* End PBXSourcesBuildPhase section */

/* Begin PBXVariantGroup section */
		618BAEF0217D078100951A04 /* LaunchScreen.storyboard */ = {
			isa = PBXVariantGroup;
			children = (
				618BAEF1217D078100951A04 /* Base */,
			);
			name = LaunchScreen.storyboard;
			sourceTree = "<group>";
		};
/* End PBXVariantGroup section */

/* Begin XCBuildConfiguration section */
		618BAEF4217D078100951A04 /* Debug */ = {
			isa = XCBuildConfiguration;
			buildSettings = {
				ALWAYS_SEARCH_USER_PATHS = NO;
				CLANG_ANALYZER_NONNULL = YES;
				CLANG_ANALYZER_NUMBER_OBJECT_CONVERSION = YES_AGGRESSIVE;
				CLANG_CXX_LANGUAGE_STANDARD = "gnu++14";
				CLANG_CXX_LIBRARY = "libc++";
				CLANG_ENABLE_MODULES = YES;
				CLANG_ENABLE_OBJC_ARC = YES;
				CLANG_ENABLE_OBJC_WEAK = YES;
				CLANG_WARN_BLOCK_CAPTURE_AUTORELEASING = YES;
				CLANG_WARN_BOOL_CONVERSION = YES;
				CLANG_WARN_COMMA = YES;
				CLANG_WARN_CONSTANT_CONVERSION = YES;
				CLANG_WARN_DEPRECATED_OBJC_IMPLEMENTATIONS = YES;
				CLANG_WARN_DIRECT_OBJC_ISA_USAGE = YES_ERROR;
				CLANG_WARN_DOCUMENTATION_COMMENTS = YES;
				CLANG_WARN_EMPTY_BODY = YES;
				CLANG_WARN_ENUM_CONVERSION = YES;
				CLANG_WARN_INFINITE_RECURSION = YES;
				CLANG_WARN_INT_CONVERSION = YES;
				CLANG_WARN_NON_LITERAL_NULL_CONVERSION = YES;
				CLANG_WARN_OBJC_IMPLICIT_RETAIN_SELF = YES;
				CLANG_WARN_OBJC_LITERAL_CONVERSION = YES;
				CLANG_WARN_OBJC_ROOT_CLASS = YES_ERROR;
				CLANG_WARN_RANGE_LOOP_ANALYSIS = YES;
				CLANG_WARN_STRICT_PROTOTYPES = YES;
				CLANG_WARN_SUSPICIOUS_MOVE = YES;
				CLANG_WARN_UNGUARDED_AVAILABILITY = YES_AGGRESSIVE;
				CLANG_WARN_UNREACHABLE_CODE = YES;
				CLANG_WARN__DUPLICATE_METHOD_MATCH = YES;
				CODE_SIGN_IDENTITY = "iPhone Developer";
				COPY_PHASE_STRIP = NO;
				DEBUG_INFORMATION_FORMAT = dwarf;
				ENABLE_STRICT_OBJC_MSGSEND = YES;
				ENABLE_TESTABILITY = YES;
				GCC_C_LANGUAGE_STANDARD = gnu11;
				GCC_DYNAMIC_NO_PIC = NO;
				GCC_NO_COMMON_BLOCKS = YES;
				GCC_OPTIMIZATION_LEVEL = 0;
				GCC_PREPROCESSOR_DEFINITIONS = (
					"DEBUG=1",
					"$(inherited)",
				);
				GCC_WARN_64_TO_32_BIT_CONVERSION = YES;
				GCC_WARN_ABOUT_RETURN_TYPE = YES_ERROR;
				GCC_WARN_UNDECLARED_SELECTOR = YES;
				GCC_WARN_UNINITIALIZED_AUTOS = YES_AGGRESSIVE;
				GCC_WARN_UNUSED_FUNCTION = YES;
				GCC_WARN_UNUSED_VARIABLE = YES;
				IPHONEOS_DEPLOYMENT_TARGET = 12.0;
				MTL_ENABLE_DEBUG_INFO = INCLUDE_SOURCE;
				MTL_FAST_MATH = YES;
				ONLY_ACTIVE_ARCH = YES;
				SDKROOT = iphoneos;
				SWIFT_ACTIVE_COMPILATION_CONDITIONS = DEBUG;
				SWIFT_OPTIMIZATION_LEVEL = "-Onone";
			};
			name = Debug;
		};
		618BAEF5217D078100951A04 /* Release */ = {
			isa = XCBuildConfiguration;
			buildSettings = {
				ALWAYS_SEARCH_USER_PATHS = NO;
				CLANG_ANALYZER_NONNULL = YES;
				CLANG_ANALYZER_NUMBER_OBJECT_CONVERSION = YES_AGGRESSIVE;
				CLANG_CXX_LANGUAGE_STANDARD = "gnu++14";
				CLANG_CXX_LIBRARY = "libc++";
				CLANG_ENABLE_MODULES = YES;
				CLANG_ENABLE_OBJC_ARC = YES;
				CLANG_ENABLE_OBJC_WEAK = YES;
				CLANG_WARN_BLOCK_CAPTURE_AUTORELEASING = YES;
				CLANG_WARN_BOOL_CONVERSION = YES;
				CLANG_WARN_COMMA = YES;
				CLANG_WARN_CONSTANT_CONVERSION = YES;
				CLANG_WARN_DEPRECATED_OBJC_IMPLEMENTATIONS = YES;
				CLANG_WARN_DIRECT_OBJC_ISA_USAGE = YES_ERROR;
				CLANG_WARN_DOCUMENTATION_COMMENTS = YES;
				CLANG_WARN_EMPTY_BODY = YES;
				CLANG_WARN_ENUM_CONVERSION = YES;
				CLANG_WARN_INFINITE_RECURSION = YES;
				CLANG_WARN_INT_CONVERSION = YES;
				CLANG_WARN_NON_LITERAL_NULL_CONVERSION = YES;
				CLANG_WARN_OBJC_IMPLICIT_RETAIN_SELF = YES;
				CLANG_WARN_OBJC_LITERAL_CONVERSION = YES;
				CLANG_WARN_OBJC_ROOT_CLASS = YES_ERROR;
				CLANG_WARN_RANGE_LOOP_ANALYSIS = YES;
				CLANG_WARN_STRICT_PROTOTYPES = YES;
				CLANG_WARN_SUSPICIOUS_MOVE = YES;
				CLANG_WARN_UNGUARDED_AVAILABILITY = YES_AGGRESSIVE;
				CLANG_WARN_UNREACHABLE_CODE = YES;
				CLANG_WARN__DUPLICATE_METHOD_MATCH = YES;
				CODE_SIGN_IDENTITY = "iPhone Developer";
				COPY_PHASE_STRIP = NO;
				DEBUG_INFORMATION_FORMAT = "dwarf-with-dsym";
				ENABLE_NS_ASSERTIONS = NO;
				ENABLE_STRICT_OBJC_MSGSEND = YES;
				GCC_C_LANGUAGE_STANDARD = gnu11;
				GCC_NO_COMMON_BLOCKS = YES;
				GCC_WARN_64_TO_32_BIT_CONVERSION = YES;
				GCC_WARN_ABOUT_RETURN_TYPE = YES_ERROR;
				GCC_WARN_UNDECLARED_SELECTOR = YES;
				GCC_WARN_UNINITIALIZED_AUTOS = YES_AGGRESSIVE;
				GCC_WARN_UNUSED_FUNCTION = YES;
				GCC_WARN_UNUSED_VARIABLE = YES;
				IPHONEOS_DEPLOYMENT_TARGET = 12.0;
				MTL_ENABLE_DEBUG_INFO = NO;
				MTL_FAST_MATH = YES;
				SDKROOT = iphoneos;
				SWIFT_COMPILATION_MODE = wholemodule;
				SWIFT_OPTIMIZATION_LEVEL = "-O";
				VALIDATE_PRODUCT = YES;
			};
			name = Release;
		};
		618BAEF7217D078100951A04 /* Debug */ = {
			isa = XCBuildConfiguration;
			buildSettings = {
				ASSETCATALOG_COMPILER_APPICON_NAME = AppIcon;
				CODE_SIGN_STYLE = Automatic;
				DEVELOPMENT_TEAM = G2DJ3Q6TF8;
				INFOPLIST_FILE = "$(SRCROOT)/Weather?/Supporting Files/Info.plist";
				LD_RUNPATH_SEARCH_PATHS = (
					"$(inherited)",
					"@executable_path/Frameworks",
				);
				PRODUCT_BUNDLE_IDENTIFIER = "com.Sason.Weather-";
				PRODUCT_NAME = "$(TARGET_NAME)";
				SWIFT_VERSION = 4.2;
				TARGETED_DEVICE_FAMILY = 1;
			};
			name = Debug;
		};
		618BAEF8217D078100951A04 /* Release */ = {
			isa = XCBuildConfiguration;
			buildSettings = {
				ASSETCATALOG_COMPILER_APPICON_NAME = AppIcon;
				CODE_SIGN_STYLE = Automatic;
				DEVELOPMENT_TEAM = G2DJ3Q6TF8;
				INFOPLIST_FILE = "$(SRCROOT)/Weather?/Supporting Files/Info.plist";
				LD_RUNPATH_SEARCH_PATHS = (
					"$(inherited)",
					"@executable_path/Frameworks",
				);
				PRODUCT_BUNDLE_IDENTIFIER = "com.Sason.Weather-";
				PRODUCT_NAME = "$(TARGET_NAME)";
				SWIFT_VERSION = 4.2;
				TARGETED_DEVICE_FAMILY = 1;
			};
			name = Release;
		};
/* End XCBuildConfiguration section */

/* Begin XCConfigurationList section */
		618BAEDF217D078000951A04 /* Build configuration list for PBXProject "Weather?" */ = {
			isa = XCConfigurationList;
			buildConfigurations = (
				618BAEF4217D078100951A04 /* Debug */,
				618BAEF5217D078100951A04 /* Release */,
			);
			defaultConfigurationIsVisible = 0;
			defaultConfigurationName = Release;
		};
		618BAEF6217D078100951A04 /* Build configuration list for PBXNativeTarget "Weather?" */ = {
			isa = XCConfigurationList;
			buildConfigurations = (
				618BAEF7217D078100951A04 /* Debug */,
				618BAEF8217D078100951A04 /* Release */,
			);
			defaultConfigurationIsVisible = 0;
			defaultConfigurationName = Release;
		};
/* End XCConfigurationList section */
	};
	rootObject = 618BAEDC217D078000951A04 /* Project object */;
}
